<?xml version="1.0" encoding="utf-8"?>
<Project ToolsVersion="4.0" xmlns="http://schemas.microsoft.com/developer/msbuild/2003">
  <ItemGroup>
    <ClCompile Include="main.cpp" />
    <ClCompile Include="sha1\sha1.cpp">
      <Filter>sha1</Filter>
    </ClCompile>
    <ClCompile Include="..\vendor\jsoncpp\src\lib_json\json_reader.cpp">
      <Filter>jsoncpp</Filter>
    </ClCompile>
    <ClCompile Include="..\vendor\jsoncpp\src\lib_json\json_value.cpp">
      <Filter>jsoncpp</Filter>
    </ClCompile>
    <ClCompile Include="..\vendor\jsoncpp\src\lib_json\json_writer.cpp">
      <Filter>jsoncpp</Filter>
    </ClCompile>
  </ItemGroup>
  <ItemGroup>
    <ClInclude Include="TCPClient.h" />
    <ClInclude Include="Application.h" />
    <ClInclude Include="sha1\sha1.h">
      <Filter>sha1</Filter>
    </ClInclude>
    <ClInclude Include="Consts.h" />
    <ClInclude Include="Utils.h" />
    <ClInclude Include="Messages.h" />
  </ItemGroup>
  <ItemGroup>
    <Filter Include="jsoncpp">
      <UniqueIdentifier>{26f928c4-5994-4156-b4f5-657c468abb22}</UniqueIdentifier>
    </Filter>
    <Filter Include="sha1">
      <UniqueIdentifier>{f63d0e0f-0f3b-42e4-b6be-3b659cdcd58f}</UniqueIdentifier>
    </Filter>
  </ItemGroup>
</Project>