<?xml version="1.0" encoding="utf-8"?>
<Project ToolsVersion="4.0" xmlns="http://schemas.microsoft.com/developer/msbuild/2003">
  <ItemGroup>
    <ClInclude Include="stdafx.h" />
    <ClInclude Include="targetver.h" />
  </ItemGroup>
  <ItemGroup>
    <ClCompile Include="Geometry\PointTest.cpp">
      <Filter>Geometry</Filter>
    </ClCompile>
    <ClCompile Include="BotWarz\SpeedLevelTest.cpp">
      <Filter>BotWarz</Filter>
    </ClCompile>
    <ClCompile Include="BotWarz\BotTest.cpp">
      <Filter>BotWarz</Filter>
    </ClCompile>
    <ClCompile Include="BotWarz\Strategy\StrategyTest.cpp">
      <Filter>BotWarz\Strategy</Filter>
    </ClCompile>
    <ClCompile Include="BotWarz\Strategy\AttackClosestBotTest.cpp">
      <Filter>BotWarz\Strategy</Filter>
    </ClCompile>
    <ClCompile Include="Geometry\LineTest.cpp">
      <Filter>Geometry</Filter>
    </ClCompile>
    <ClCompile Include="Geometry\VectorTest.cpp">
      <Filter>Geometry</Filter>
    </ClCompile>
    <ClCompile Include="Geometry\AngleTest.cpp">
      <Filter>Geometry</Filter>
    </ClCompile>
    <ClCompile Include="BotWarz\Command\AccelerateTest.cpp">
      <Filter>BotWarz\Command</Filter>
    </ClCompile>
    <ClCompile Include="BotWarz\Command\BrakeTest.cpp">
      <Filter>BotWarz\Command</Filter>
    </ClCompile>
    <ClCompile Include="BotWarz\Command\SteerTest.cpp">
      <Filter>BotWarz\Command</Filter>
    </ClCompile>
  </ItemGroup>
  <ItemGroup>
    <Filter Include="Geometry">
      <UniqueIdentifier>{78d5479f-1bb8-4883-9c43-5ad33fc5367d}</UniqueIdentifier>
    </Filter>
    <Filter Include="BotWarz">
      <UniqueIdentifier>{8acfd5b5-72ed-4c84-b798-2c5af4060d9b}</UniqueIdentifier>
    </Filter>
    <Filter Include="BotWarz\Strategy">
      <UniqueIdentifier>{db7dda3d-149f-4949-8e22-e993e4110e4b}</UniqueIdentifier>
    </Filter>
    <Filter Include="BotWarz\Command">
      <UniqueIdentifier>{8acc8b17-7da6-41f2-a016-800bd350b000}</UniqueIdentifier>
    </Filter>
  </ItemGroup>
</Project>